
Microsoft Visual Studio Solution File, Format Version 12.00
# Visual Studio Version 16
VisualStudioVersion = 16.0.31112.23
MinimumVisualStudioVersion = 10.0.40219.1
Project("{9A19103F-16F7-4668-BE54-9A1E7A4F7556}") = "GlobalPublicHolidays.API", "src\GlobalPublicHolidays.API\GlobalPublicHolidays.API.csproj", "{30AAB670-D588-4DCF-A4A8-7AB5AB2DCDCB}"
EndProject
Project("{9A19103F-16F7-4668-BE54-9A1E7A4F7556}") = "GlobalPublicHolidays.Infrastructure", "src\GlobalPublicHolidays.Infrastructure\GlobalPublicHolidays.Infrastructure.csproj", "{A740B3F9-C47F-4DC8-B594-0485896BB584}"
EndProject
Project("{9A19103F-16F7-4668-BE54-9A1E7A4F7556}") = "GlobalPublicHolidays.Domain", "src\GlobalPublicHolidays.Core\GlobalPublicHolidays.Domain.csproj", "{41CA6748-2460-4687-839E-3AE75412598E}"
EndProject
Project("{9A19103F-16F7-4668-BE54-9A1E7A4F7556}") = "GlobalPublicHolidays.Application", "src\GlobalPublicHolidays.Application\GlobalPublicHolidays.Application.csproj", "{6E24F293-0B93-4B7D-9D69-D5AA69113A2B}"
EndProject
Project("{9A19103F-16F7-4668-BE54-9A1E7A4F7556}") = "GlobalPublicHolidays.Application.Tests", "tests\GlobalPublicHolidays.Application.Tests\GlobalPublicHolidays.Application.Tests.csproj", "{58E60F90-5CCD-464E-A1DC-50E52A76C1EA}"
EndProject
Project("{2150E333-8FDC-42A3-9474-1A3956D46DE8}") = "src", "src", "{23050DED-23F2-43F0-BA78-1B9F4335ABCE}"
EndProject
Project("{2150E333-8FDC-42A3-9474-1A3956D46DE8}") = "tests", "tests", "{29B3017A-29C3-4AD8-A4D1-E7EC633C87E9}"
EndProject
Global
	GlobalSection(SolutionConfigurationPlatforms) = preSolution
		Debug|Any CPU = Debug|Any CPU
		Release|Any CPU = Release|Any CPU
	EndGlobalSection
	GlobalSection(ProjectConfigurationPlatforms) = postSolution
		{30AAB670-D588-4DCF-A4A8-7AB5AB2DCDCB}.Debug|Any CPU.ActiveCfg = Debug|Any CPU
		{30AAB670-D588-4DCF-A4A8-7AB5AB2DCDCB}.Debug|Any CPU.Build.0 = Debug|Any CPU
		{30AAB670-D588-4DCF-A4A8-7AB5AB2DCDCB}.Release|Any CPU.ActiveCfg = Release|Any CPU
		{30AAB670-D588-4DCF-A4A8-7AB5AB2DCDCB}.Release|Any CPU.Build.0 = Release|Any CPU
		{A740B3F9-C47F-4DC8-B594-0485896BB584}.Debug|Any CPU.ActiveCfg = Debug|Any CPU
		{A740B3F9-C47F-4DC8-B594-0485896BB584}.Debug|Any CPU.Build.0 = Debug|Any CPU
		{A740B3F9-C47F-4DC8-B594-0485896BB584}.Release|Any CPU.ActiveCfg = Release|Any CPU
		{A740B3F9-C47F-4DC8-B594-0485896BB584}.Release|Any CPU.Build.0 = Release|Any CPU
		{41CA6748-2460-4687-839E-3AE75412598E}.Debug|Any CPU.ActiveCfg = Debug|Any CPU
		{41CA6748-2460-4687-839E-3AE75412598E}.Debug|Any CPU.Build.0 = Debug|Any CPU
		{41CA6748-2460-4687-839E-3AE75412598E}.Release|Any CPU.ActiveCfg = Release|Any CPU
		{41CA6748-2460-4687-839E-3AE75412598E}.Release|Any CPU.Build.0 = Release|Any CPU
		{6E24F293-0B93-4B7D-9D69-D5AA69113A2B}.Debug|Any CPU.ActiveCfg = Debug|Any CPU
		{6E24F293-0B93-4B7D-9D69-D5AA69113A2B}.Debug|Any CPU.Build.0 = Debug|Any CPU
		{6E24F293-0B93-4B7D-9D69-D5AA69113A2B}.Release|Any CPU.ActiveCfg = Release|Any CPU
		{6E24F293-0B93-4B7D-9D69-D5AA69113A2B}.Release|Any CPU.Build.0 = Release|Any CPU
		{58E60F90-5CCD-464E-A1DC-50E52A76C1EA}.Debug|Any CPU.ActiveCfg = Debug|Any CPU
		{58E60F90-5CCD-464E-A1DC-50E52A76C1EA}.Debug|Any CPU.Build.0 = Debug|Any CPU
		{58E60F90-5CCD-464E-A1DC-50E52A76C1EA}.Release|Any CPU.ActiveCfg = Release|Any CPU
		{58E60F90-5CCD-464E-A1DC-50E52A76C1EA}.Release|Any CPU.Build.0 = Release|Any CPU
	EndGlobalSection
	GlobalSection(SolutionProperties) = preSolution
		HideSolutionNode = FALSE
	EndGlobalSection
	GlobalSection(NestedProjects) = preSolution
		{30AAB670-D588-4DCF-A4A8-7AB5AB2DCDCB} = {23050DED-23F2-43F0-BA78-1B9F4335ABCE}
		{A740B3F9-C47F-4DC8-B594-0485896BB584} = {23050DED-23F2-43F0-BA78-1B9F4335ABCE}
		{41CA6748-2460-4687-839E-3AE75412598E} = {23050DED-23F2-43F0-BA78-1B9F4335ABCE}
		{6E24F293-0B93-4B7D-9D69-D5AA69113A2B} = {23050DED-23F2-43F0-BA78-1B9F4335ABCE}
		{58E60F90-5CCD-464E-A1DC-50E52A76C1EA} = {29B3017A-29C3-4AD8-A4D1-E7EC633C87E9}
	EndGlobalSection
	GlobalSection(ExtensibilityGlobals) = postSolution
		SolutionGuid = {CDACA93E-5F9A-4AC2-AD91-B74B9AC1C37F}
	EndGlobalSection
EndGlobal
